
Microsoft Visual Studio Solution File, Format Version 12.00
# Visual Studio Version 17
VisualStudioVersion = 17.3.32825.248
MinimumVisualStudioVersion = 10.0.40219.1
Project("{9A19103F-16F7-4668-BE54-9A1E7A4F7556}") = "Wk.Application", "Wk.Application\Wk.Application.csproj", "{B07C99EC-E94C-4565-ACDF-AC9BC387F316}"
EndProject
Project("{9A19103F-16F7-4668-BE54-9A1E7A4F7556}") = "Wk.Domain", "Wk.Domain\Wk.Domain.csproj", "{8E651CCA-BE0D-443A-A4CC-C6AE7C932E2E}"
EndProject
Project("{9A19103F-16F7-4668-BE54-9A1E7A4F7556}") = "Wk.Infrastructure", "Wk.Infrastructure\Wk.Infrastructure.csproj", "{077E7E90-08E5-4CFC-812B-2FDBCB63E364}"
EndProject
Project("{9A19103F-16F7-4668-BE54-9A1E7A4F7556}") = "Wk.Web", "Wk.Web\Wk.Web.csproj", "{A094582A-8D9F-4D3D-AE76-251320658576}"
	ProjectSection(ProjectDependencies) = postProject
		{8E651CCA-BE0D-443A-A4CC-C6AE7C932E2E} = {8E651CCA-BE0D-443A-A4CC-C6AE7C932E2E}
		{B07C99EC-E94C-4565-ACDF-AC9BC387F316} = {B07C99EC-E94C-4565-ACDF-AC9BC387F316}
	EndProjectSection
EndProject
Global
	GlobalSection(SolutionConfigurationPlatforms) = preSolution
		Debug|Any CPU = Debug|Any CPU
		Release|Any CPU = Release|Any CPU
	EndGlobalSection
	GlobalSection(ProjectConfigurationPlatforms) = postSolution
		{B07C99EC-E94C-4565-ACDF-AC9BC387F316}.Debug|Any CPU.ActiveCfg = Debug|Any CPU
		{B07C99EC-E94C-4565-ACDF-AC9BC387F316}.Debug|Any CPU.Build.0 = Debug|Any CPU
		{B07C99EC-E94C-4565-ACDF-AC9BC387F316}.Release|Any CPU.ActiveCfg = Release|Any CPU
		{B07C99EC-E94C-4565-ACDF-AC9BC387F316}.Release|Any CPU.Build.0 = Release|Any CPU
		{8E651CCA-BE0D-443A-A4CC-C6AE7C932E2E}.Debug|Any CPU.ActiveCfg = Debug|Any CPU
		{8E651CCA-BE0D-443A-A4CC-C6AE7C932E2E}.Debug|Any CPU.Build.0 = Debug|Any CPU
		{8E651CCA-BE0D-443A-A4CC-C6AE7C932E2E}.Release|Any CPU.ActiveCfg = Release|Any CPU
		{8E651CCA-BE0D-443A-A4CC-C6AE7C932E2E}.Release|Any CPU.Build.0 = Release|Any CPU
		{077E7E90-08E5-4CFC-812B-2FDBCB63E364}.Debug|Any CPU.ActiveCfg = Debug|Any CPU
		{077E7E90-08E5-4CFC-812B-2FDBCB63E364}.Debug|Any CPU.Build.0 = Debug|Any CPU
		{077E7E90-08E5-4CFC-812B-2FDBCB63E364}.Release|Any CPU.ActiveCfg = Release|Any CPU
		{077E7E90-08E5-4CFC-812B-2FDBCB63E364}.Release|Any CPU.Build.0 = Release|Any CPU
		{A094582A-8D9F-4D3D-AE76-251320658576}.Debug|Any CPU.ActiveCfg = Debug|Any CPU
		{A094582A-8D9F-4D3D-AE76-251320658576}.Debug|Any CPU.Build.0 = Debug|Any CPU
		{A094582A-8D9F-4D3D-AE76-251320658576}.Release|Any CPU.ActiveCfg = Release|Any CPU
		{A094582A-8D9F-4D3D-AE76-251320658576}.Release|Any CPU.Build.0 = Release|Any CPU
	EndGlobalSection
	GlobalSection(SolutionProperties) = preSolution
		HideSolutionNode = FALSE
	EndGlobalSection
	GlobalSection(ExtensibilityGlobals) = postSolution
		SolutionGuid = {A1D4A31E-3249-4432-BF9A-0666B47635E7}
	EndGlobalSection
EndGlobal
